// !$*UTF8*$!
{
	archiveVersion = 1;
	classes = {
	};
	objectVersion = 52;
	objects = {

/* Begin PBXBuildFile section */
		B0463D5C236E02A5007C37A2 /* RemoteBatchController.swift in Sources */ = {isa = PBXBuildFile; fileRef = B0463D5B236E02A5007C37A2 /* RemoteBatchController.swift */; };
		B0463D5E236E16B3007C37A2 /* IntermediaryModels.swift in Sources */ = {isa = PBXBuildFile; fileRef = B0463D5D236E16B3007C37A2 /* IntermediaryModels.swift */; };
		B0731AA02355522A001A29ED /* Observations.swift in Sources */ = {isa = PBXBuildFile; fileRef = B0731A9F2355522A001A29ED /* Observations.swift */; };
		B095B98D236BB5D0002375F8 /* BatchUploadViewController.swift in Sources */ = {isa = PBXBuildFile; fileRef = B095B98C236BB5D0002375F8 /* BatchUploadViewController.swift */; };
		B0AD9783236F617400298705 /* Alamofire in Frameworks */ = {isa = PBXBuildFile; productRef = B0AD9782236F617400298705 /* Alamofire */; };
		B0BF5FBF235B8912001F50E3 /* AddBatchTableViewController.swift in Sources */ = {isa = PBXBuildFile; fileRef = B0BF5FBE235B8912001F50E3 /* AddBatchTableViewController.swift */; };
		B0BF5FC1235BB381001F50E3 /* ObservationsTableViewController.swift in Sources */ = {isa = PBXBuildFile; fileRef = B0BF5FC0235BB381001F50E3 /* ObservationsTableViewController.swift */; };
		B0CDE8C423569B4100611B58 /* Batch.swift in Sources */ = {isa = PBXBuildFile; fileRef = B0CDE8C323569B4100611B58 /* Batch.swift */; };
		B0D6AE8F235CCE90005310FA /* AddEditObservationTableViewController.swift in Sources */ = {isa = PBXBuildFile; fileRef = B0D6AE8E235CCE90005310FA /* AddEditObservationTableViewController.swift */; };
		B0E41DDD235FD3230071605D /* WebServiceConfigViewController.swift in Sources */ = {isa = PBXBuildFile; fileRef = B0E41DDC235FD3230071605D /* WebServiceConfigViewController.swift */; };
		B0E41DDF235FD3B20071605D /* WebServiceConfig.swift in Sources */ = {isa = PBXBuildFile; fileRef = B0E41DDE235FD3B20071605D /* WebServiceConfig.swift */; };
		B0EF22232353F3F10070365D /* AppDelegate.swift in Sources */ = {isa = PBXBuildFile; fileRef = B0EF22222353F3F10070365D /* AppDelegate.swift */; };
		B0EF22252353F3F10070365D /* SceneDelegate.swift in Sources */ = {isa = PBXBuildFile; fileRef = B0EF22242353F3F10070365D /* SceneDelegate.swift */; };
		B0EF22272353F3F10070365D /* ViewController.swift in Sources */ = {isa = PBXBuildFile; fileRef = B0EF22262353F3F10070365D /* ViewController.swift */; };
		B0EF222A2353F3F10070365D /* Main.storyboard in Resources */ = {isa = PBXBuildFile; fileRef = B0EF22282353F3F10070365D /* Main.storyboard */; };
		B0EF222C2353F3F20070365D /* Assets.xcassets in Resources */ = {isa = PBXBuildFile; fileRef = B0EF222B2353F3F20070365D /* Assets.xcassets */; };
		B0EF222F2353F3F20070365D /* LaunchScreen.storyboard in Resources */ = {isa = PBXBuildFile; fileRef = B0EF222D2353F3F20070365D /* LaunchScreen.storyboard */; };
		B0EF22372353FFDB0070365D /* CECTableViewController.swift in Sources */ = {isa = PBXBuildFile; fileRef = B0EF22362353FFDB0070365D /* CECTableViewController.swift */; };
/* End PBXBuildFile section */

/* Begin PBXFileReference section */
		B0463D5B236E02A5007C37A2 /* RemoteBatchController.swift */ = {isa = PBXFileReference; lastKnownFileType = sourcecode.swift; path = RemoteBatchController.swift; sourceTree = "<group>"; };
		B0463D5D236E16B3007C37A2 /* IntermediaryModels.swift */ = {isa = PBXFileReference; lastKnownFileType = sourcecode.swift; path = IntermediaryModels.swift; sourceTree = "<group>"; };
		B0731A9F2355522A001A29ED /* Observations.swift */ = {isa = PBXFileReference; lastKnownFileType = sourcecode.swift; path = Observations.swift; sourceTree = "<group>"; };
		B095B98C236BB5D0002375F8 /* BatchUploadViewController.swift */ = {isa = PBXFileReference; lastKnownFileType = sourcecode.swift; path = BatchUploadViewController.swift; sourceTree = "<group>"; };
		B0BF5FBE235B8912001F50E3 /* AddBatchTableViewController.swift */ = {isa = PBXFileReference; lastKnownFileType = sourcecode.swift; path = AddBatchTableViewController.swift; sourceTree = "<group>"; };
		B0BF5FC0235BB381001F50E3 /* ObservationsTableViewController.swift */ = {isa = PBXFileReference; lastKnownFileType = sourcecode.swift; path = ObservationsTableViewController.swift; sourceTree = "<group>"; };
		B0CDE8C323569B4100611B58 /* Batch.swift */ = {isa = PBXFileReference; lastKnownFileType = sourcecode.swift; path = Batch.swift; sourceTree = "<group>"; };
		B0D6AE8E235CCE90005310FA /* AddEditObservationTableViewController.swift */ = {isa = PBXFileReference; lastKnownFileType = sourcecode.swift; path = AddEditObservationTableViewController.swift; sourceTree = "<group>"; };
		B0E41DDC235FD3230071605D /* WebServiceConfigViewController.swift */ = {isa = PBXFileReference; lastKnownFileType = sourcecode.swift; path = WebServiceConfigViewController.swift; sourceTree = "<group>"; };
		B0E41DDE235FD3B20071605D /* WebServiceConfig.swift */ = {isa = PBXFileReference; lastKnownFileType = sourcecode.swift; path = WebServiceConfig.swift; sourceTree = "<group>"; };
		B0EF221F2353F3F10070365D /* Field Log.app */ = {isa = PBXFileReference; explicitFileType = wrapper.application; includeInIndex = 0; path = "Field Log.app"; sourceTree = BUILT_PRODUCTS_DIR; };
		B0EF22222353F3F10070365D /* AppDelegate.swift */ = {isa = PBXFileReference; lastKnownFileType = sourcecode.swift; path = AppDelegate.swift; sourceTree = "<group>"; };
		B0EF22242353F3F10070365D /* SceneDelegate.swift */ = {isa = PBXFileReference; lastKnownFileType = sourcecode.swift; path = SceneDelegate.swift; sourceTree = "<group>"; };
		B0EF22262353F3F10070365D /* ViewController.swift */ = {isa = PBXFileReference; lastKnownFileType = sourcecode.swift; path = ViewController.swift; sourceTree = "<group>"; };
		B0EF22292353F3F10070365D /* Base */ = {isa = PBXFileReference; lastKnownFileType = file.storyboard; name = Base; path = Base.lproj/Main.storyboard; sourceTree = "<group>"; };
		B0EF222B2353F3F20070365D /* Assets.xcassets */ = {isa = PBXFileReference; lastKnownFileType = folder.assetcatalog; path = Assets.xcassets; sourceTree = "<group>"; };
		B0EF222E2353F3F20070365D /* Base */ = {isa = PBXFileReference; lastKnownFileType = file.storyboard; name = Base; path = Base.lproj/LaunchScreen.storyboard; sourceTree = "<group>"; };
		B0EF22302353F3F20070365D /* Info.plist */ = {isa = PBXFileReference; lastKnownFileType = text.plist.xml; path = Info.plist; sourceTree = "<group>"; };
		B0EF22362353FFDB0070365D /* CECTableViewController.swift */ = {isa = PBXFileReference; lastKnownFileType = sourcecode.swift; path = CECTableViewController.swift; sourceTree = "<group>"; };
/* End PBXFileReference section */

/* Begin PBXFrameworksBuildPhase section */
		B0EF221C2353F3F10070365D /* Frameworks */ = {
			isa = PBXFrameworksBuildPhase;
			buildActionMask = 2147483647;
			files = (
				B0AD9783236F617400298705 /* Alamofire in Frameworks */,
			);
			runOnlyForDeploymentPostprocessing = 0;
		};
/* End PBXFrameworksBuildPhase section */

/* Begin PBXGroup section */
		B0EF22162353F3F10070365D = {
			isa = PBXGroup;
			children = (
				B0EF22212353F3F10070365D /* CollectingEventCompanion */,
				B0EF22202353F3F10070365D /* Products */,
			);
			sourceTree = "<group>";
		};
		B0EF22202353F3F10070365D /* Products */ = {
			isa = PBXGroup;
			children = (
				B0EF221F2353F3F10070365D /* Field Log.app */,
			);
			name = Products;
			sourceTree = "<group>";
		};
		B0EF22212353F3F10070365D /* CollectingEventCompanion */ = {
			isa = PBXGroup;
			children = (
				B0D6AE8E235CCE90005310FA /* AddEditObservationTableViewController.swift */,
				B0EF22222353F3F10070365D /* AppDelegate.swift */,
				B0EF22242353F3F10070365D /* SceneDelegate.swift */,
				B0EF22262353F3F10070365D /* ViewController.swift */,
				B0EF22282353F3F10070365D /* Main.storyboard */,
				B0463D5D236E16B3007C37A2 /* IntermediaryModels.swift */,
				B0463D5B236E02A5007C37A2 /* RemoteBatchController.swift */,
				B095B98C236BB5D0002375F8 /* BatchUploadViewController.swift */,
				B0E41DDE235FD3B20071605D /* WebServiceConfig.swift */,
				B0E41DDC235FD3230071605D /* WebServiceConfigViewController.swift */,
				B0BF5FC0235BB381001F50E3 /* ObservationsTableViewController.swift */,
				B0BF5FBE235B8912001F50E3 /* AddBatchTableViewController.swift */,
				B0CDE8C323569B4100611B58 /* Batch.swift */,
				B0EF22362353FFDB0070365D /* CECTableViewController.swift */,
				B0EF222B2353F3F20070365D /* Assets.xcassets */,
				B0EF222D2353F3F20070365D /* LaunchScreen.storyboard */,
				B0EF22302353F3F20070365D /* Info.plist */,
				B0731A9F2355522A001A29ED /* Observations.swift */,
			);
			path = CollectingEventCompanion;
			sourceTree = "<group>";
		};
/* End PBXGroup section */

/* Begin PBXNativeTarget section */
		B0EF221E2353F3F10070365D /* CollectingEventCompanion */ = {
			isa = PBXNativeTarget;
			buildConfigurationList = B0EF22332353F3F20070365D /* Build configuration list for PBXNativeTarget "CollectingEventCompanion" */;
			buildPhases = (
				B0EF221B2353F3F10070365D /* Sources */,
				B0EF221C2353F3F10070365D /* Frameworks */,
				B0EF221D2353F3F10070365D /* Resources */,
			);
			buildRules = (
			);
			dependencies = (
			);
			name = CollectingEventCompanion;
			packageProductDependencies = (
				B0AD9782236F617400298705 /* Alamofire */,
			);
			productName = CollectingEventCompanio;
			productReference = B0EF221F2353F3F10070365D /* Field Log.app */;
			productType = "com.apple.product-type.application";
		};
/* End PBXNativeTarget section */

/* Begin PBXProject section */
		B0EF22172353F3F10070365D /* Project object */ = {
			isa = PBXProject;
			attributes = {
				LastSwiftUpdateCheck = 1110;
				LastUpgradeCheck = 1110;
				ORGANIZATIONNAME = "Warren H Brown";
				TargetAttributes = {
					B0EF221E2353F3F10070365D = {
						CreatedOnToolsVersion = 11.1;
					};
				};
			};
			buildConfigurationList = B0EF221A2353F3F10070365D /* Build configuration list for PBXProject "Collecting Companion" */;
			compatibilityVersion = "Xcode 9.3";
			developmentRegion = en;
			hasScannedForEncodings = 0;
			knownRegions = (
				en,
				Base,
			);
			mainGroup = B0EF22162353F3F10070365D;
			packageReferences = (
				B0AD9781236F617400298705 /* XCRemoteSwiftPackageReference "Alamofire" */,
			);
			productRefGroup = B0EF22202353F3F10070365D /* Products */;
			projectDirPath = "";
			projectRoot = "";
			targets = (
				B0EF221E2353F3F10070365D /* CollectingEventCompanion */,
			);
		};
/* End PBXProject section */

/* Begin PBXResourcesBuildPhase section */
		B0EF221D2353F3F10070365D /* Resources */ = {
			isa = PBXResourcesBuildPhase;
			buildActionMask = 2147483647;
			files = (
				B0EF222F2353F3F20070365D /* LaunchScreen.storyboard in Resources */,
				B0EF222C2353F3F20070365D /* Assets.xcassets in Resources */,
				B0EF222A2353F3F10070365D /* Main.storyboard in Resources */,
			);
			runOnlyForDeploymentPostprocessing = 0;
		};
/* End PBXResourcesBuildPhase section */

/* Begin PBXSourcesBuildPhase section */
		B0EF221B2353F3F10070365D /* Sources */ = {
			isa = PBXSourcesBuildPhase;
			buildActionMask = 2147483647;
			files = (
				B0D6AE8F235CCE90005310FA /* AddEditObservationTableViewController.swift in Sources */,
				B0CDE8C423569B4100611B58 /* Batch.swift in Sources */,
				B0EF22272353F3F10070365D /* ViewController.swift in Sources */,
				B0E41DDD235FD3230071605D /* WebServiceConfigViewController.swift in Sources */,
				B0EF22372353FFDB0070365D /* CECTableViewController.swift in Sources */,
				B0EF22232353F3F10070365D /* AppDelegate.swift in Sources */,
				B0BF5FBF235B8912001F50E3 /* AddBatchTableViewController.swift in Sources */,
				B0463D5E236E16B3007C37A2 /* IntermediaryModels.swift in Sources */,
				B0731AA02355522A001A29ED /* Observations.swift in Sources */,
				B095B98D236BB5D0002375F8 /* BatchUploadViewController.swift in Sources */,
				B0463D5C236E02A5007C37A2 /* RemoteBatchController.swift in Sources */,
				B0BF5FC1235BB381001F50E3 /* ObservationsTableViewController.swift in Sources */,
				B0EF22252353F3F10070365D /* SceneDelegate.swift in Sources */,
				B0E41DDF235FD3B20071605D /* WebServiceConfig.swift in Sources */,
			);
			runOnlyForDeploymentPostprocessing = 0;
		};
/* End PBXSourcesBuildPhase section */

/* Begin PBXVariantGroup section */
		B0EF22282353F3F10070365D /* Main.storyboard */ = {
			isa = PBXVariantGroup;
			children = (
				B0EF22292353F3F10070365D /* Base */,
			);
			name = Main.storyboard;
			sourceTree = "<group>";
		};
		B0EF222D2353F3F20070365D /* LaunchScreen.storyboard */ = {
			isa = PBXVariantGroup;
			children = (
				B0EF222E2353F3F20070365D /* Base */,
			);
			name = LaunchScreen.storyboard;
			sourceTree = "<group>";
		};
/* End PBXVariantGroup section */

/* Begin XCBuildConfiguration section */
		B0EF22312353F3F20070365D /* Debug */ = {
			isa = XCBuildConfiguration;
			buildSettings = {
				ALWAYS_SEARCH_USER_PATHS = NO;
				CLANG_ANALYZER_NONNULL = YES;
				CLANG_ANALYZER_NUMBER_OBJECT_CONVERSION = YES_AGGRESSIVE;
				CLANG_CXX_LANGUAGE_STANDARD = "gnu++14";
				CLANG_CXX_LIBRARY = "libc++";
				CLANG_ENABLE_MODULES = YES;
				CLANG_ENABLE_OBJC_ARC = YES;
				CLANG_ENABLE_OBJC_WEAK = YES;
				CLANG_WARN_BLOCK_CAPTURE_AUTORELEASING = YES;
				CLANG_WARN_BOOL_CONVERSION = YES;
				CLANG_WARN_COMMA = YES;
				CLANG_WARN_CONSTANT_CONVERSION = YES;
				CLANG_WARN_DEPRECATED_OBJC_IMPLEMENTATIONS = YES;
				CLANG_WARN_DIRECT_OBJC_ISA_USAGE = YES_ERROR;
				CLANG_WARN_DOCUMENTATION_COMMENTS = YES;
				CLANG_WARN_EMPTY_BODY = YES;
				CLANG_WARN_ENUM_CONVERSION = YES;
				CLANG_WARN_INFINITE_RECURSION = YES;
				CLANG_WARN_INT_CONVERSION = YES;
				CLANG_WARN_NON_LITERAL_NULL_CONVERSION = YES;
				CLANG_WARN_OBJC_IMPLICIT_RETAIN_SELF = YES;
				CLANG_WARN_OBJC_LITERAL_CONVERSION = YES;
				CLANG_WARN_OBJC_ROOT_CLASS = YES_ERROR;
				CLANG_WARN_RANGE_LOOP_ANALYSIS = YES;
				CLANG_WARN_STRICT_PROTOTYPES = YES;
				CLANG_WARN_SUSPICIOUS_MOVE = YES;
				CLANG_WARN_UNGUARDED_AVAILABILITY = YES_AGGRESSIVE;
				CLANG_WARN_UNREACHABLE_CODE = YES;
				CLANG_WARN__DUPLICATE_METHOD_MATCH = YES;
				COPY_PHASE_STRIP = NO;
				DEBUG_INFORMATION_FORMAT = dwarf;
				ENABLE_STRICT_OBJC_MSGSEND = YES;
				ENABLE_TESTABILITY = YES;
				GCC_C_LANGUAGE_STANDARD = gnu11;
				GCC_DYNAMIC_NO_PIC = NO;
				GCC_NO_COMMON_BLOCKS = YES;
				GCC_OPTIMIZATION_LEVEL = 0;
				GCC_PREPROCESSOR_DEFINITIONS = (
					"DEBUG=1",
					"$(inherited)",
				);
				GCC_WARN_64_TO_32_BIT_CONVERSION = YES;
				GCC_WARN_ABOUT_RETURN_TYPE = YES_ERROR;
				GCC_WARN_UNDECLARED_SELECTOR = YES;
				GCC_WARN_UNINITIALIZED_AUTOS = YES_AGGRESSIVE;
				GCC_WARN_UNUSED_FUNCTION = YES;
				GCC_WARN_UNUSED_VARIABLE = YES;
				IPHONEOS_DEPLOYMENT_TARGET = 13.1;
				MTL_ENABLE_DEBUG_INFO = INCLUDE_SOURCE;
				MTL_FAST_MATH = YES;
				ONLY_ACTIVE_ARCH = YES;
				SDKROOT = iphoneos;
				SWIFT_ACTIVE_COMPILATION_CONDITIONS = DEBUG;
				SWIFT_OPTIMIZATION_LEVEL = "-Onone";
			};
			name = Debug;
		};
		B0EF22322353F3F20070365D /* Release */ = {
			isa = XCBuildConfiguration;
			buildSettings = {
				ALWAYS_SEARCH_USER_PATHS = NO;
				CLANG_ANALYZER_NONNULL = YES;
				CLANG_ANALYZER_NUMBER_OBJECT_CONVERSION = YES_AGGRESSIVE;
				CLANG_CXX_LANGUAGE_STANDARD = "gnu++14";
				CLANG_CXX_LIBRARY = "libc++";
				CLANG_ENABLE_MODULES = YES;
				CLANG_ENABLE_OBJC_ARC = YES;
				CLANG_ENABLE_OBJC_WEAK = YES;
				CLANG_WARN_BLOCK_CAPTURE_AUTORELEASING = YES;
				CLANG_WARN_BOOL_CONVERSION = YES;
				CLANG_WARN_COMMA = YES;
				CLANG_WARN_CONSTANT_CONVERSION = YES;
				CLANG_WARN_DEPRECATED_OBJC_IMPLEMENTATIONS = YES;
				CLANG_WARN_DIRECT_OBJC_ISA_USAGE = YES_ERROR;
				CLANG_WARN_DOCUMENTATION_COMMENTS = YES;
				CLANG_WARN_EMPTY_BODY = YES;
				CLANG_WARN_ENUM_CONVERSION = YES;
				CLANG_WARN_INFINITE_RECURSION = YES;
				CLANG_WARN_INT_CONVERSION = YES;
				CLANG_WARN_NON_LITERAL_NULL_CONVERSION = YES;
				CLANG_WARN_OBJC_IMPLICIT_RETAIN_SELF = YES;
				CLANG_WARN_OBJC_LITERAL_CONVERSION = YES;
				CLANG_WARN_OBJC_ROOT_CLASS = YES_ERROR;
				CLANG_WARN_RANGE_LOOP_ANALYSIS = YES;
				CLANG_WARN_STRICT_PROTOTYPES = YES;
				CLANG_WARN_SUSPICIOUS_MOVE = YES;
				CLANG_WARN_UNGUARDED_AVAILABILITY = YES_AGGRESSIVE;
				CLANG_WARN_UNREACHABLE_CODE = YES;
				CLANG_WARN__DUPLICATE_METHOD_MATCH = YES;
				COPY_PHASE_STRIP = NO;
				DEBUG_INFORMATION_FORMAT = "dwarf-with-dsym";
				ENABLE_NS_ASSERTIONS = NO;
				ENABLE_STRICT_OBJC_MSGSEND = YES;
				GCC_C_LANGUAGE_STANDARD = gnu11;
				GCC_NO_COMMON_BLOCKS = YES;
				GCC_WARN_64_TO_32_BIT_CONVERSION = YES;
				GCC_WARN_ABOUT_RETURN_TYPE = YES_ERROR;
				GCC_WARN_UNDECLARED_SELECTOR = YES;
				GCC_WARN_UNINITIALIZED_AUTOS = YES_AGGRESSIVE;
				GCC_WARN_UNUSED_FUNCTION = YES;
				GCC_WARN_UNUSED_VARIABLE = YES;
				IPHONEOS_DEPLOYMENT_TARGET = 13.1;
				MTL_ENABLE_DEBUG_INFO = NO;
				MTL_FAST_MATH = YES;
				SDKROOT = iphoneos;
				SWIFT_COMPILATION_MODE = wholemodule;
				SWIFT_OPTIMIZATION_LEVEL = "-O";
				VALIDATE_PRODUCT = YES;
			};
			name = Release;
		};
		B0EF22342353F3F20070365D /* Debug */ = {
			isa = XCBuildConfiguration;
			buildSettings = {
				ASSETCATALOG_COMPILER_APPICON_NAME = AppIcon;
				CODE_SIGN_STYLE = Automatic;
				DEVELOPMENT_TEAM = M372M9AL9A;
				INFOPLIST_FILE = "$(SRCROOT)/CollectingEventCompanion/Info.plist";
				LD_RUNPATH_SEARCH_PATHS = (
					"$(inherited)",
					"@executable_path/Frameworks",
				);
				PRODUCT_BUNDLE_IDENTIFIER = com.warrenhbrown.CollectingEventCompanion;
				PRODUCT_NAME = "Field Log";
				SWIFT_VERSION = 5.0;
				TARGETED_DEVICE_FAMILY = "1,2";
			};
			name = Debug;
		};
		B0EF22352353F3F20070365D /* Release */ = {
			isa = XCBuildConfiguration;
			buildSettings = {
				ASSETCATALOG_COMPILER_APPICON_NAME = AppIcon;
				CODE_SIGN_STYLE = Automatic;
				DEVELOPMENT_TEAM = M372M9AL9A;
				INFOPLIST_FILE = "$(SRCROOT)/CollectingEventCompanion/Info.plist";
				LD_RUNPATH_SEARCH_PATHS = (
					"$(inherited)",
					"@executable_path/Frameworks",
				);
				PRODUCT_BUNDLE_IDENTIFIER = com.warrenhbrown.CollectingEventCompanion;
				PRODUCT_NAME = "Field Log";
				SWIFT_VERSION = 5.0;
				TARGETED_DEVICE_FAMILY = "1,2";
			};
			name = Release;
		};
/* End XCBuildConfiguration section */

/* Begin XCConfigurationList section */
		B0EF221A2353F3F10070365D /* Build configuration list for PBXProject "Collecting Companion" */ = {
			isa = XCConfigurationList;
			buildConfigurations = (
				B0EF22312353F3F20070365D /* Debug */,
				B0EF22322353F3F20070365D /* Release */,
			);
			defaultConfigurationIsVisible = 0;
			defaultConfigurationName = Release;
		};
		B0EF22332353F3F20070365D /* Build configuration list for PBXNativeTarget "CollectingEventCompanion" */ = {
			isa = XCConfigurationList;
			buildConfigurations = (
				B0EF22342353F3F20070365D /* Debug */,
				B0EF22352353F3F20070365D /* Release */,
			);
			defaultConfigurationIsVisible = 0;
			defaultConfigurationName = Release;
		};
/* End XCConfigurationList section */

/* Begin XCRemoteSwiftPackageReference section */
		B0AD9781236F617400298705 /* XCRemoteSwiftPackageReference "Alamofire" */ = {
			isa = XCRemoteSwiftPackageReference;
			repositoryURL = "https://github.com/Alamofire/Alamofire.git";
			requirement = {
				kind = upToNextMajorVersion;
				minimumVersion = 4.9.1;
			};
		};
/* End XCRemoteSwiftPackageReference section */

/* Begin XCSwiftPackageProductDependency section */
		B0AD9782236F617400298705 /* Alamofire */ = {
			isa = XCSwiftPackageProductDependency;
			package = B0AD9781236F617400298705 /* XCRemoteSwiftPackageReference "Alamofire" */;
			productName = Alamofire;
		};
/* End XCSwiftPackageProductDependency section */
	};
	rootObject = B0EF22172353F3F10070365D /* Project object */;
}
